
Microsoft Visual Studio Solution File, Format Version 12.00
# Visual Studio Version 16
VisualStudioVersion = 16.0.30225.117
MinimumVisualStudioVersion = 10.0.40219.1
Project("{FAE04EC0-301F-11D3-BF4B-00C04F79EFBC}") = "MDTGenerators", "MDTGenerators\MDTGenerators.csproj", "{ADD6D7F3-8EA5-44F1-BDED-451CEE828B72}"
EndProject
Project("{FAE04EC0-301F-11D3-BF4B-00C04F79EFBC}") = "MDTConsole", "MDTConsole\MDTConsole.csproj", "{6ACD00BD-4BC1-407B-8EFB-481A0DF2C885}"
EndProject
Project("{FAE04EC0-301F-11D3-BF4B-00C04F79EFBC}") = "MDTWPF", "MDTWPF\MDTWPF.csproj", "{5427D975-529E-4BAC-A085-D7781057A5E9}"
EndProject
Global
	GlobalSection(SolutionConfigurationPlatforms) = preSolution
		Debug|Any CPU = Debug|Any CPU
		Release|Any CPU = Release|Any CPU
	EndGlobalSection
	GlobalSection(ProjectConfigurationPlatforms) = postSolution
		{ADD6D7F3-8EA5-44F1-BDED-451CEE828B72}.Debug|Any CPU.ActiveCfg = Debug|Any CPU
		{ADD6D7F3-8EA5-44F1-BDED-451CEE828B72}.Debug|Any CPU.Build.0 = Debug|Any CPU
		{ADD6D7F3-8EA5-44F1-BDED-451CEE828B72}.Release|Any CPU.ActiveCfg = Release|Any CPU
		{ADD6D7F3-8EA5-44F1-BDED-451CEE828B72}.Release|Any CPU.Build.0 = Release|Any CPU
		{6ACD00BD-4BC1-407B-8EFB-481A0DF2C885}.Debug|Any CPU.ActiveCfg = Debug|Any CPU
		{6ACD00BD-4BC1-407B-8EFB-481A0DF2C885}.Debug|Any CPU.Build.0 = Debug|Any CPU
		{6ACD00BD-4BC1-407B-8EFB-481A0DF2C885}.Release|Any CPU.ActiveCfg = Release|Any CPU
		{6ACD00BD-4BC1-407B-8EFB-481A0DF2C885}.Release|Any CPU.Build.0 = Release|Any CPU
		{5427D975-529E-4BAC-A085-D7781057A5E9}.Debug|Any CPU.ActiveCfg = Debug|Any CPU
		{5427D975-529E-4BAC-A085-D7781057A5E9}.Debug|Any CPU.Build.0 = Debug|Any CPU
		{5427D975-529E-4BAC-A085-D7781057A5E9}.Release|Any CPU.ActiveCfg = Release|Any CPU
		{5427D975-529E-4BAC-A085-D7781057A5E9}.Release|Any CPU.Build.0 = Release|Any CPU
	EndGlobalSection
	GlobalSection(SolutionProperties) = preSolution
		HideSolutionNode = FALSE
	EndGlobalSection
	GlobalSection(ExtensibilityGlobals) = postSolution
		SolutionGuid = {4B036B96-BBDB-4714-A39C-805EFDA3C2E5}
	EndGlobalSection
EndGlobal
